
Microsoft Visual Studio Solution File, Format Version 12.00
# Visual Studio 14
VisualStudioVersion = 14.0.25420.1
MinimumVisualStudioVersion = 10.0.40219.1
Project("{8BB2217D-0F2D-49D1-97BC-3654ED321F3B}") = "PokemonAPI.WebService", "PokemonAPI.WebService\PokemonAPI.WebService.xproj", "{653CA83B-4CAF-4952-9495-A02260379BD4}"
EndProject
Project("{FAE04EC0-301F-11D3-BF4B-00C04F79EFBC}") = "PokemonAPI.Models", "PokemonAPI.Models\PokemonAPI.Models.csproj", "{26F297CE-3C92-4AF6-BA20-70E4FC5A9D2B}"
EndProject
Global
	GlobalSection(SolutionConfigurationPlatforms) = preSolution
		Debug|Any CPU = Debug|Any CPU
		Debug|ARM = Debug|ARM
		Debug|x64 = Debug|x64
		Debug|x86 = Debug|x86
		Release|Any CPU = Release|Any CPU
		Release|ARM = Release|ARM
		Release|x64 = Release|x64
		Release|x86 = Release|x86
	EndGlobalSection
	GlobalSection(ProjectConfigurationPlatforms) = postSolution
		{653CA83B-4CAF-4952-9495-A02260379BD4}.Debug|Any CPU.ActiveCfg = Debug|Any CPU
		{653CA83B-4CAF-4952-9495-A02260379BD4}.Debug|Any CPU.Build.0 = Debug|Any CPU
		{653CA83B-4CAF-4952-9495-A02260379BD4}.Debug|ARM.ActiveCfg = Debug|Any CPU
		{653CA83B-4CAF-4952-9495-A02260379BD4}.Debug|ARM.Build.0 = Debug|Any CPU
		{653CA83B-4CAF-4952-9495-A02260379BD4}.Debug|x64.ActiveCfg = Debug|Any CPU
		{653CA83B-4CAF-4952-9495-A02260379BD4}.Debug|x64.Build.0 = Debug|Any CPU
		{653CA83B-4CAF-4952-9495-A02260379BD4}.Debug|x86.ActiveCfg = Debug|Any CPU
		{653CA83B-4CAF-4952-9495-A02260379BD4}.Debug|x86.Build.0 = Debug|Any CPU
		{653CA83B-4CAF-4952-9495-A02260379BD4}.Release|Any CPU.ActiveCfg = Release|Any CPU
		{653CA83B-4CAF-4952-9495-A02260379BD4}.Release|Any CPU.Build.0 = Release|Any CPU
		{653CA83B-4CAF-4952-9495-A02260379BD4}.Release|ARM.ActiveCfg = Release|Any CPU
		{653CA83B-4CAF-4952-9495-A02260379BD4}.Release|ARM.Build.0 = Release|Any CPU
		{653CA83B-4CAF-4952-9495-A02260379BD4}.Release|x64.ActiveCfg = Release|Any CPU
		{653CA83B-4CAF-4952-9495-A02260379BD4}.Release|x64.Build.0 = Release|Any CPU
		{653CA83B-4CAF-4952-9495-A02260379BD4}.Release|x86.ActiveCfg = Release|Any CPU
		{653CA83B-4CAF-4952-9495-A02260379BD4}.Release|x86.Build.0 = Release|Any CPU
		{26F297CE-3C92-4AF6-BA20-70E4FC5A9D2B}.Debug|Any CPU.ActiveCfg = Debug|Any CPU
		{26F297CE-3C92-4AF6-BA20-70E4FC5A9D2B}.Debug|Any CPU.Build.0 = Debug|Any CPU
		{26F297CE-3C92-4AF6-BA20-70E4FC5A9D2B}.Debug|ARM.ActiveCfg = Debug|Any CPU
		{26F297CE-3C92-4AF6-BA20-70E4FC5A9D2B}.Debug|ARM.Build.0 = Debug|Any CPU
		{26F297CE-3C92-4AF6-BA20-70E4FC5A9D2B}.Debug|x64.ActiveCfg = Debug|Any CPU
		{26F297CE-3C92-4AF6-BA20-70E4FC5A9D2B}.Debug|x64.Build.0 = Debug|Any CPU
		{26F297CE-3C92-4AF6-BA20-70E4FC5A9D2B}.Debug|x86.ActiveCfg = Debug|Any CPU
		{26F297CE-3C92-4AF6-BA20-70E4FC5A9D2B}.Debug|x86.Build.0 = Debug|Any CPU
		{26F297CE-3C92-4AF6-BA20-70E4FC5A9D2B}.Release|Any CPU.ActiveCfg = Release|Any CPU
		{26F297CE-3C92-4AF6-BA20-70E4FC5A9D2B}.Release|Any CPU.Build.0 = Release|Any CPU
		{26F297CE-3C92-4AF6-BA20-70E4FC5A9D2B}.Release|ARM.ActiveCfg = Release|Any CPU
		{26F297CE-3C92-4AF6-BA20-70E4FC5A9D2B}.Release|ARM.Build.0 = Release|Any CPU
		{26F297CE-3C92-4AF6-BA20-70E4FC5A9D2B}.Release|x64.ActiveCfg = Release|Any CPU
		{26F297CE-3C92-4AF6-BA20-70E4FC5A9D2B}.Release|x64.Build.0 = Release|Any CPU
		{26F297CE-3C92-4AF6-BA20-70E4FC5A9D2B}.Release|x86.ActiveCfg = Release|Any CPU
		{26F297CE-3C92-4AF6-BA20-70E4FC5A9D2B}.Release|x86.Build.0 = Release|Any CPU
	EndGlobalSection
	GlobalSection(SolutionProperties) = preSolution
		HideSolutionNode = FALSE
	EndGlobalSection
EndGlobal
